
Microsoft Visual Studio Solution File, Format Version 12.00
Project("{2150E333-8FDC-42A3-9474-1A3956D46DE8}") = "Itens", "Itens", "{E26E86F1-0594-4459-A1DA-8A8507BED29D}"
	ProjectSection(SolutionItems) = preProject
		README.md = README.md
		docker-compose.base-kafka-elastic.yml = docker-compose.base-kafka-elastic.yml
		docker-compose.prometheus-grafana.yml = docker-compose.prometheus-grafana.yml
	EndProjectSection
EndProject
Project("{2150E333-8FDC-42A3-9474-1A3956D46DE8}") = "logstash", "logstash", "{2C4EA3B3-200B-47BF-8563-BD0048947B82}"
	ProjectSection(SolutionItems) = preProject
		logstash\pipeline.conf = logstash\pipeline.conf
		logstash\docker-compose.logstash.yml = logstash\docker-compose.logstash.yml
	EndProjectSection
EndProject
Project("{2150E333-8FDC-42A3-9474-1A3956D46DE8}") = "kafka-connect", "kafka-connect", "{41CAC361-A637-47B6-A7E2-1E53DB69FE99}"
	ProjectSection(SolutionItems) = preProject
		kafka-connect\wait-for-connect.sh = kafka-connect\wait-for-connect.sh
		kafka-connect\connector.json = kafka-connect\connector.json
		kafka-connect\docker-compose.kafka-connector.yml = kafka-connect\docker-compose.kafka-connector.yml
		kafka-connect\Dockerfile.kafka-connect = kafka-connect\Dockerfile.kafka-connect
	EndProjectSection
EndProject
Project("{2150E333-8FDC-42A3-9474-1A3956D46DE8}") = "src", "src", "{F5887CF4-0B21-4AEF-AE98-DB04C0A937D8}"
EndProject
Project("{FAE04EC0-301F-11D3-BF4B-00C04F79EFBC}") = "SampleLogs.SerilogElastic", "src\SampleLogs.SerilogElastic\SampleLogs.SerilogElastic.csproj", "{565E28CA-CF93-4FC1-B426-67449FA951B5}"
EndProject
Project("{FAE04EC0-301F-11D3-BF4B-00C04F79EFBC}") = "SampleLogs.SerilogKafka", "src\SampleLogs.SerilogKafka\SampleLogs.SerilogKafka.csproj", "{9C43A915-FBEA-403F-B755-FDD9826C18F6}"
EndProject
Project("{FAE04EC0-301F-11D3-BF4B-00C04F79EFBC}") = "SampleLogs.NLogKafka", "src\SampleLogs.NLogKafka\SampleLogs.NLogKafka.csproj", "{E4719348-6147-4C88-B877-D72FC527AAD1}"
EndProject
Project("{2150E333-8FDC-42A3-9474-1A3956D46DE8}") = "prometheus-grafana", "prometheus-grafana", "{718DEE13-D317-4A84-AFFA-CB1E00A87B5E}"
EndProject
Project("{2150E333-8FDC-42A3-9474-1A3956D46DE8}") = "prometheus", "prometheus", "{8465BAF3-B88B-4BB2-8C87-1F4EED236C6E}"
	ProjectSection(SolutionItems) = preProject
		prometheus-grafana\prometheus\Dockerfile = prometheus-grafana\prometheus\Dockerfile
		prometheus-grafana\prometheus\prometheus.yml = prometheus-grafana\prometheus\prometheus.yml
	EndProjectSection
EndProject
Project("{FAE04EC0-301F-11D3-BF4B-00C04F79EFBC}") = "SampleLogs.PrometheusGrafana", "src\SampleLogs.PrometheusGrafana\SampleLogs.PrometheusGrafana.csproj", "{78440C4A-F2E5-47E1-9BBA-94F5B60C3F1C}"
EndProject
Project("{2150E333-8FDC-42A3-9474-1A3956D46DE8}") = "grafana", "grafana", "{314A448E-AB9E-4352-B0B5-DD51D3061818}"
	ProjectSection(SolutionItems) = preProject
		prometheus-grafana\grafana\Dockerfile = prometheus-grafana\grafana\Dockerfile
	EndProjectSection
EndProject
Global
	GlobalSection(SolutionConfigurationPlatforms) = preSolution
		Debug|Any CPU = Debug|Any CPU
		Release|Any CPU = Release|Any CPU
	EndGlobalSection
	GlobalSection(NestedProjects) = preSolution
		{2C4EA3B3-200B-47BF-8563-BD0048947B82} = {E26E86F1-0594-4459-A1DA-8A8507BED29D}
		{41CAC361-A637-47B6-A7E2-1E53DB69FE99} = {E26E86F1-0594-4459-A1DA-8A8507BED29D}
		{565E28CA-CF93-4FC1-B426-67449FA951B5} = {F5887CF4-0B21-4AEF-AE98-DB04C0A937D8}
		{9C43A915-FBEA-403F-B755-FDD9826C18F6} = {F5887CF4-0B21-4AEF-AE98-DB04C0A937D8}
		{E4719348-6147-4C88-B877-D72FC527AAD1} = {F5887CF4-0B21-4AEF-AE98-DB04C0A937D8}
		{718DEE13-D317-4A84-AFFA-CB1E00A87B5E} = {E26E86F1-0594-4459-A1DA-8A8507BED29D}
		{8465BAF3-B88B-4BB2-8C87-1F4EED236C6E} = {718DEE13-D317-4A84-AFFA-CB1E00A87B5E}
		{78440C4A-F2E5-47E1-9BBA-94F5B60C3F1C} = {F5887CF4-0B21-4AEF-AE98-DB04C0A937D8}
		{314A448E-AB9E-4352-B0B5-DD51D3061818} = {718DEE13-D317-4A84-AFFA-CB1E00A87B5E}
	EndGlobalSection
	GlobalSection(ProjectConfigurationPlatforms) = postSolution
		{565E28CA-CF93-4FC1-B426-67449FA951B5}.Debug|Any CPU.ActiveCfg = Debug|Any CPU
		{565E28CA-CF93-4FC1-B426-67449FA951B5}.Debug|Any CPU.Build.0 = Debug|Any CPU
		{565E28CA-CF93-4FC1-B426-67449FA951B5}.Release|Any CPU.ActiveCfg = Release|Any CPU
		{565E28CA-CF93-4FC1-B426-67449FA951B5}.Release|Any CPU.Build.0 = Release|Any CPU
		{9C43A915-FBEA-403F-B755-FDD9826C18F6}.Debug|Any CPU.ActiveCfg = Debug|Any CPU
		{9C43A915-FBEA-403F-B755-FDD9826C18F6}.Debug|Any CPU.Build.0 = Debug|Any CPU
		{9C43A915-FBEA-403F-B755-FDD9826C18F6}.Release|Any CPU.ActiveCfg = Release|Any CPU
		{9C43A915-FBEA-403F-B755-FDD9826C18F6}.Release|Any CPU.Build.0 = Release|Any CPU
		{E4719348-6147-4C88-B877-D72FC527AAD1}.Debug|Any CPU.ActiveCfg = Debug|Any CPU
		{E4719348-6147-4C88-B877-D72FC527AAD1}.Debug|Any CPU.Build.0 = Debug|Any CPU
		{E4719348-6147-4C88-B877-D72FC527AAD1}.Release|Any CPU.ActiveCfg = Release|Any CPU
		{E4719348-6147-4C88-B877-D72FC527AAD1}.Release|Any CPU.Build.0 = Release|Any CPU
		{78440C4A-F2E5-47E1-9BBA-94F5B60C3F1C}.Debug|Any CPU.ActiveCfg = Debug|Any CPU
		{78440C4A-F2E5-47E1-9BBA-94F5B60C3F1C}.Debug|Any CPU.Build.0 = Debug|Any CPU
		{78440C4A-F2E5-47E1-9BBA-94F5B60C3F1C}.Release|Any CPU.ActiveCfg = Release|Any CPU
		{78440C4A-F2E5-47E1-9BBA-94F5B60C3F1C}.Release|Any CPU.Build.0 = Release|Any CPU
	EndGlobalSection
EndGlobal
